{
  "name": "charla-unsam",
  "version": "1.0.0",
  "lockfileVersion": 3,
  "requires": true,
  "packages": {
    "": {
      "name": "charla-unsam",
      "version": "1.0.0",
      "license": "ISC",
      "dependencies": {
        "@fontsource/bricolage-grotesque": "^5.1.0",
        "@fontsource/jetbrains-mono": "^5.1.1",
        "qrcode-generator": "^1.4.4",
        "three": "^0.169.0"
      }
    },
    "node_modules/@fontsource/bricolage-grotesque": {
      "version": "5.1.0",
      "resolved": "https://registry.npmjs.org/@fontsource/bricolage-grotesque/-/bricolage-grotesque-5.1.0.tgz",
      "integrity": "sha512-kdZyXbftmi09GjewApG5z7KVbcz5ZXNvFUguKodNtOe34j9F3Hp7dWjcZNqMt/o4BtBKZBBLM4MjAVE+DrQpng==",
      "license": "OFL-1.1"
    },
    "node_modules/@fontsource/jetbrains-mono": {
      "version": "5.1.1",
      "resolved": "https://registry.npmjs.org/@fontsource/jetbrains-mono/-/jetbrains-mono-5.1.1.tgz",
      "integrity": "sha512-5rwvmdQQpXev4LlBX1P+7h2dguu6iwW/9Npjde4+DEq+HgpVJI/7QY8DI1NVVFdvLtXZNP+vO2L/5BQED6FUhA==",
      "license": "OFL-1.1"
    },
    "node_modules/qrcode-generator": {
      "version": "1.4.4",
      "resolved": "https://registry.npmjs.org/qrcode-generator/-/qrcode-generator-1.4.4.tgz",
      "integrity": "sha512-HM7yY8O2ilqhmULxGMpcHSF1EhJJ9yBj8gvDEuZ6M+KGJ0YY2hKpnXvRD+hZPLrDVck3ExIGhmPtSdcjC+guuw==",
      "license": "MIT"
    },
    "node_modules/three": {
      "version": "0.169.0",
      "resolved": "https://registry.npmjs.org/three/-/three-0.169.0.tgz",
      "integrity": "sha512-Ed906MA3dR4TS5riErd4QBsRGPcx+HBDX2O5yYE5GqJeFQTPU+M56Va/f/Oph9X7uZo3W3o4l2ZhBZ6f6qUv0w==",
      "license": "MIT"
    }
  }
}
